// !$*UTF8*$!
{
	archiveVersion = 1;
	classes = {
	};
	objectVersion = 46;
	objects = {

/* Begin PBXBuildFile section */
		30A638941D9327FD00EA0A7F /* AppDelegate.swift in Sources */ = {isa = PBXBuildFile; fileRef = 30A638931D9327FD00EA0A7F /* AppDelegate.swift */; };
		30A638961D9327FD00EA0A7F /* ViewController.swift in Sources */ = {isa = PBXBuildFile; fileRef = 30A638951D9327FD00EA0A7F /* ViewController.swift */; };
		30A638991D9327FD00EA0A7F /* Main.storyboard in Resources */ = {isa = PBXBuildFile; fileRef = 30A638971D9327FD00EA0A7F /* Main.storyboard */; };
		30A6389B1D9327FD00EA0A7F /* Assets.xcassets in Resources */ = {isa = PBXBuildFile; fileRef = 30A6389A1D9327FD00EA0A7F /* Assets.xcassets */; };
		30A6389E1D9327FD00EA0A7F /* LaunchScreen.storyboard in Resources */ = {isa = PBXBuildFile; fileRef = 30A6389C1D9327FD00EA0A7F /* LaunchScreen.storyboard */; };
		30A638A91D9327FD00EA0A7F /* TipTopTests.swift in Sources */ = {isa = PBXBuildFile; fileRef = 30A638A81D9327FD00EA0A7F /* TipTopTests.swift */; };
		30A638B41D9327FD00EA0A7F /* TipTopUITests.swift in Sources */ = {isa = PBXBuildFile; fileRef = 30A638B31D9327FD00EA0A7F /* TipTopUITests.swift */; };
		30A638C21D9357B600EA0A7F /* TipCalc.swift in Sources */ = {isa = PBXBuildFile; fileRef = 30A638C11D9357B600EA0A7F /* TipCalc.swift */; settings = {ASSET_TAGS = (); }; };
		30A638CF1D94D8ED00EA0A7F /* SettingsViewController.swift in Sources */ = {isa = PBXBuildFile; fileRef = 30A638CE1D94D8ED00EA0A7F /* SettingsViewController.swift */; settings = {ASSET_TAGS = (); }; };
/* End PBXBuildFile section */

/* Begin PBXContainerItemProxy section */
		30A638A51D9327FD00EA0A7F /* PBXContainerItemProxy */ = {
			isa = PBXContainerItemProxy;
			containerPortal = 30A638881D9327FD00EA0A7F /* Project object */;
			proxyType = 1;
			remoteGlobalIDString = 30A6388F1D9327FD00EA0A7F;
			remoteInfo = TipTop;
		};
		30A638B01D9327FD00EA0A7F /* PBXContainerItemProxy */ = {
			isa = PBXContainerItemProxy;
			containerPortal = 30A638881D9327FD00EA0A7F /* Project object */;
			proxyType = 1;
			remoteGlobalIDString = 30A6388F1D9327FD00EA0A7F;
			remoteInfo = TipTop;
		};
/* End PBXContainerItemProxy section */

/* Begin PBXFileReference section */
		30A638901D9327FD00EA0A7F /* TipTop.app */ = {isa = PBXFileReference; explicitFileType = wrapper.application; includeInIndex = 0; path = TipTop.app; sourceTree = BUILT_PRODUCTS_DIR; };
		30A638931D9327FD00EA0A7F /* AppDelegate.swift */ = {isa = PBXFileReference; lastKnownFileType = sourcecode.swift; path = AppDelegate.swift; sourceTree = "<group>"; };
		30A638951D9327FD00EA0A7F /* ViewController.swift */ = {isa = PBXFileReference; lastKnownFileType = sourcecode.swift; path = ViewController.swift; sourceTree = "<group>"; };
		30A638981D9327FD00EA0A7F /* Base */ = {isa = PBXFileReference; lastKnownFileType = file.storyboard; name = Base; path = Base.lproj/Main.storyboard; sourceTree = "<group>"; };
		30A6389A1D9327FD00EA0A7F /* Assets.xcassets */ = {isa = PBXFileReference; lastKnownFileType = folder.assetcatalog; path = Assets.xcassets; sourceTree = "<group>"; };
		30A6389D1D9327FD00EA0A7F /* Base */ = {isa = PBXFileReference; lastKnownFileType = file.storyboard; name = Base; path = Base.lproj/LaunchScreen.storyboard; sourceTree = "<group>"; };
		30A6389F1D9327FD00EA0A7F /* Info.plist */ = {isa = PBXFileReference; lastKnownFileType = text.plist.xml; path = Info.plist; sourceTree = "<group>"; };
		30A638A41D9327FD00EA0A7F /* TipTopTests.xctest */ = {isa = PBXFileReference; explicitFileType = wrapper.cfbundle; includeInIndex = 0; path = TipTopTests.xctest; sourceTree = BUILT_PRODUCTS_DIR; };
		30A638A81D9327FD00EA0A7F /* TipTopTests.swift */ = {isa = PBXFileReference; lastKnownFileType = sourcecode.swift; path = TipTopTests.swift; sourceTree = "<group>"; };
		30A638AA1D9327FD00EA0A7F /* Info.plist */ = {isa = PBXFileReference; lastKnownFileType = text.plist.xml; path = Info.plist; sourceTree = "<group>"; };
		30A638AF1D9327FD00EA0A7F /* TipTopUITests.xctest */ = {isa = PBXFileReference; explicitFileType = wrapper.cfbundle; includeInIndex = 0; path = TipTopUITests.xctest; sourceTree = BUILT_PRODUCTS_DIR; };
		30A638B31D9327FD00EA0A7F /* TipTopUITests.swift */ = {isa = PBXFileReference; lastKnownFileType = sourcecode.swift; path = TipTopUITests.swift; sourceTree = "<group>"; };
		30A638B51D9327FD00EA0A7F /* Info.plist */ = {isa = PBXFileReference; lastKnownFileType = text.plist.xml; path = Info.plist; sourceTree = "<group>"; };
		30A638C11D9357B600EA0A7F /* TipCalc.swift */ = {isa = PBXFileReference; fileEncoding = 4; lastKnownFileType = sourcecode.swift; name = TipCalc.swift; path = ../TipCalc.swift; sourceTree = "<group>"; };
		30A638CE1D94D8ED00EA0A7F /* SettingsViewController.swift */ = {isa = PBXFileReference; fileEncoding = 4; lastKnownFileType = sourcecode.swift; path = SettingsViewController.swift; sourceTree = "<group>"; };
/* End PBXFileReference section */

/* Begin PBXFrameworksBuildPhase section */
		30A6388D1D9327FD00EA0A7F /* Frameworks */ = {
			isa = PBXFrameworksBuildPhase;
			buildActionMask = 2147483647;
			files = (
			);
			runOnlyForDeploymentPostprocessing = 0;
		};
		30A638A11D9327FD00EA0A7F /* Frameworks */ = {
			isa = PBXFrameworksBuildPhase;
			buildActionMask = 2147483647;
			files = (
			);
			runOnlyForDeploymentPostprocessing = 0;
		};
		30A638AC1D9327FD00EA0A7F /* Frameworks */ = {
			isa = PBXFrameworksBuildPhase;
			buildActionMask = 2147483647;
			files = (
			);
			runOnlyForDeploymentPostprocessing = 0;
		};
/* End PBXFrameworksBuildPhase section */

/* Begin PBXGroup section */
		30A638871D9327FD00EA0A7F = {
			isa = PBXGroup;
			children = (
				30A638921D9327FD00EA0A7F /* TipTop */,
				30A638A71D9327FD00EA0A7F /* TipTopTests */,
				30A638B21D9327FD00EA0A7F /* TipTopUITests */,
				30A638911D9327FD00EA0A7F /* Products */,
			);
			sourceTree = "<group>";
		};
		30A638911D9327FD00EA0A7F /* Products */ = {
			isa = PBXGroup;
			children = (
				30A638901D9327FD00EA0A7F /* TipTop.app */,
				30A638A41D9327FD00EA0A7F /* TipTopTests.xctest */,
				30A638AF1D9327FD00EA0A7F /* TipTopUITests.xctest */,
			);
			name = Products;
			sourceTree = "<group>";
		};
		30A638921D9327FD00EA0A7F /* TipTop */ = {
			isa = PBXGroup;
			children = (
				30A638931D9327FD00EA0A7F /* AppDelegate.swift */,
				30A638C11D9357B600EA0A7F /* TipCalc.swift */,
				30A638971D9327FD00EA0A7F /* Main.storyboard */,
				30A638CE1D94D8ED00EA0A7F /* SettingsViewController.swift */,
				30A638951D9327FD00EA0A7F /* ViewController.swift */,
				30A6389A1D9327FD00EA0A7F /* Assets.xcassets */,
				30A6389C1D9327FD00EA0A7F /* LaunchScreen.storyboard */,
				30A6389F1D9327FD00EA0A7F /* Info.plist */,
			);
			path = TipTop;
			sourceTree = "<group>";
		};
		30A638A71D9327FD00EA0A7F /* TipTopTests */ = {
			isa = PBXGroup;
			children = (
				30A638A81D9327FD00EA0A7F /* TipTopTests.swift */,
				30A638AA1D9327FD00EA0A7F /* Info.plist */,
			);
			path = TipTopTests;
			sourceTree = "<group>";
		};
		30A638B21D9327FD00EA0A7F /* TipTopUITests */ = {
			isa = PBXGroup;
			children = (
				30A638B31D9327FD00EA0A7F /* TipTopUITests.swift */,
				30A638B51D9327FD00EA0A7F /* Info.plist */,
			);
			path = TipTopUITests;
			sourceTree = "<group>";
		};
/* End PBXGroup section */

/* Begin PBXNativeTarget section */
		30A6388F1D9327FD00EA0A7F /* TipTop */ = {
			isa = PBXNativeTarget;
			buildConfigurationList = 30A638B81D9327FD00EA0A7F /* Build configuration list for PBXNativeTarget "TipTop" */;
			buildPhases = (
				30A6388C1D9327FD00EA0A7F /* Sources */,
				30A6388D1D9327FD00EA0A7F /* Frameworks */,
				30A6388E1D9327FD00EA0A7F /* Resources */,
			);
			buildRules = (
			);
			dependencies = (
			);
			name = TipTop;
			productName = TipTop;
			productReference = 30A638901D9327FD00EA0A7F /* TipTop.app */;
			productType = "com.apple.product-type.application";
		};
		30A638A31D9327FD00EA0A7F /* TipTopTests */ = {
			isa = PBXNativeTarget;
			buildConfigurationList = 30A638BB1D9327FD00EA0A7F /* Build configuration list for PBXNativeTarget "TipTopTests" */;
			buildPhases = (
				30A638A01D9327FD00EA0A7F /* Sources */,
				30A638A11D9327FD00EA0A7F /* Frameworks */,
				30A638A21D9327FD00EA0A7F /* Resources */,
			);
			buildRules = (
			);
			dependencies = (
				30A638A61D9327FD00EA0A7F /* PBXTargetDependency */,
			);
			name = TipTopTests;
			productName = TipTopTests;
			productReference = 30A638A41D9327FD00EA0A7F /* TipTopTests.xctest */;
			productType = "com.apple.product-type.bundle.unit-test";
		};
		30A638AE1D9327FD00EA0A7F /* TipTopUITests */ = {
			isa = PBXNativeTarget;
			buildConfigurationList = 30A638BE1D9327FD00EA0A7F /* Build configuration list for PBXNativeTarget "TipTopUITests" */;
			buildPhases = (
				30A638AB1D9327FD00EA0A7F /* Sources */,
				30A638AC1D9327FD00EA0A7F /* Frameworks */,
				30A638AD1D9327FD00EA0A7F /* Resources */,
			);
			buildRules = (
			);
			dependencies = (
				30A638B11D9327FD00EA0A7F /* PBXTargetDependency */,
			);
			name = TipTopUITests;
			productName = TipTopUITests;
			productReference = 30A638AF1D9327FD00EA0A7F /* TipTopUITests.xctest */;
			productType = "com.apple.product-type.bundle.ui-testing";
		};
/* End PBXNativeTarget section */

/* Begin PBXProject section */
		30A638881D9327FD00EA0A7F /* Project object */ = {
			isa = PBXProject;
			attributes = {
				LastUpgradeCheck = 0700;
				ORGANIZATIONNAME = mhmd;
				TargetAttributes = {
					30A6388F1D9327FD00EA0A7F = {
						CreatedOnToolsVersion = 7.0;
					};
					30A638A31D9327FD00EA0A7F = {
						CreatedOnToolsVersion = 7.0;
						TestTargetID = 30A6388F1D9327FD00EA0A7F;
					};
					30A638AE1D9327FD00EA0A7F = {
						CreatedOnToolsVersion = 7.0;
						TestTargetID = 30A6388F1D9327FD00EA0A7F;
					};
				};
			};
			buildConfigurationList = 30A6388B1D9327FD00EA0A7F /* Build configuration list for PBXProject "TipTop" */;
			compatibilityVersion = "Xcode 3.2";
			developmentRegion = English;
			hasScannedForEncodings = 0;
			knownRegions = (
				en,
				Base,
			);
			mainGroup = 30A638871D9327FD00EA0A7F;
			productRefGroup = 30A638911D9327FD00EA0A7F /* Products */;
			projectDirPath = "";
			projectRoot = "";
			targets = (
				30A6388F1D9327FD00EA0A7F /* TipTop */,
				30A638A31D9327FD00EA0A7F /* TipTopTests */,
				30A638AE1D9327FD00EA0A7F /* TipTopUITests */,
			);
		};
/* End PBXProject section */

/* Begin PBXResourcesBuildPhase section */
		30A6388E1D9327FD00EA0A7F /* Resources */ = {
			isa = PBXResourcesBuildPhase;
			buildActionMask = 2147483647;
			files = (
				30A6389E1D9327FD00EA0A7F /* LaunchScreen.storyboard in Resources */,
				30A6389B1D9327FD00EA0A7F /* Assets.xcassets in Resources */,
				30A638991D9327FD00EA0A7F /* Main.storyboard in Resources */,
			);
			runOnlyForDeploymentPostprocessing = 0;
		};
		30A638A21D9327FD00EA0A7F /* Resources */ = {
			isa = PBXResourcesBuildPhase;
			buildActionMask = 2147483647;
			files = (
			);
			runOnlyForDeploymentPostprocessing = 0;
		};
		30A638AD1D9327FD00EA0A7F /* Resources */ = {
			isa = PBXResourcesBuildPhase;
			buildActionMask = 2147483647;
			files = (
			);
			runOnlyForDeploymentPostprocessing = 0;
		};
/* End PBXResourcesBuildPhase section */

/* Begin PBXSourcesBuildPhase section */
		30A6388C1D9327FD00EA0A7F /* Sources */ = {
			isa = PBXSourcesBuildPhase;
			buildActionMask = 2147483647;
			files = (
				30A638961D9327FD00EA0A7F /* ViewController.swift in Sources */,
				30A638C21D9357B600EA0A7F /* TipCalc.swift in Sources */,
				30A638941D9327FD00EA0A7F /* AppDelegate.swift in Sources */,
				30A638CF1D94D8ED00EA0A7F /* SettingsViewController.swift in Sources */,
			);
			runOnlyForDeploymentPostprocessing = 0;
		};
		30A638A01D9327FD00EA0A7F /* Sources */ = {
			isa = PBXSourcesBuildPhase;
			buildActionMask = 2147483647;
			files = (
				30A638A91D9327FD00EA0A7F /* TipTopTests.swift in Sources */,
			);
			runOnlyForDeploymentPostprocessing = 0;
		};
		30A638AB1D9327FD00EA0A7F /* Sources */ = {
			isa = PBXSourcesBuildPhase;
			buildActionMask = 2147483647;
			files = (
				30A638B41D9327FD00EA0A7F /* TipTopUITests.swift in Sources */,
			);
			runOnlyForDeploymentPostprocessing = 0;
		};
/* End PBXSourcesBuildPhase section */

/* Begin PBXTargetDependency section */
		30A638A61D9327FD00EA0A7F /* PBXTargetDependency */ = {
			isa = PBXTargetDependency;
			target = 30A6388F1D9327FD00EA0A7F /* TipTop */;
			targetProxy = 30A638A51D9327FD00EA0A7F /* PBXContainerItemProxy */;
		};
		30A638B11D9327FD00EA0A7F /* PBXTargetDependency */ = {
			isa = PBXTargetDependency;
			target = 30A6388F1D9327FD00EA0A7F /* TipTop */;
			targetProxy = 30A638B01D9327FD00EA0A7F /* PBXContainerItemProxy */;
		};
/* End PBXTargetDependency section */

/* Begin PBXVariantGroup section */
		30A638971D9327FD00EA0A7F /* Main.storyboard */ = {
			isa = PBXVariantGroup;
			children = (
				30A638981D9327FD00EA0A7F /* Base */,
			);
			name = Main.storyboard;
			sourceTree = "<group>";
		};
		30A6389C1D9327FD00EA0A7F /* LaunchScreen.storyboard */ = {
			isa = PBXVariantGroup;
			children = (
				30A6389D1D9327FD00EA0A7F /* Base */,
			);
			name = LaunchScreen.storyboard;
			sourceTree = "<group>";
		};
/* End PBXVariantGroup section */

/* Begin XCBuildConfiguration section */
		30A638B61D9327FD00EA0A7F /* Debug */ = {
			isa = XCBuildConfiguration;
			buildSettings = {
				ALWAYS_SEARCH_USER_PATHS = NO;
				CLANG_CXX_LANGUAGE_STANDARD = "gnu++0x";
				CLANG_CXX_LIBRARY = "libc++";
				CLANG_ENABLE_MODULES = YES;
				CLANG_ENABLE_OBJC_ARC = YES;
				CLANG_WARN_BOOL_CONVERSION = YES;
				CLANG_WARN_CONSTANT_CONVERSION = YES;
				CLANG_WARN_DIRECT_OBJC_ISA_USAGE = YES_ERROR;
				CLANG_WARN_EMPTY_BODY = YES;
				CLANG_WARN_ENUM_CONVERSION = YES;
				CLANG_WARN_INT_CONVERSION = YES;
				CLANG_WARN_OBJC_ROOT_CLASS = YES_ERROR;
				CLANG_WARN_UNREACHABLE_CODE = YES;
				CLANG_WARN__DUPLICATE_METHOD_MATCH = YES;
				"CODE_SIGN_IDENTITY[sdk=iphoneos*]" = "iPhone Developer";
				COPY_PHASE_STRIP = NO;
				DEBUG_INFORMATION_FORMAT = dwarf;
				ENABLE_STRICT_OBJC_MSGSEND = YES;
				ENABLE_TESTABILITY = YES;
				GCC_C_LANGUAGE_STANDARD = gnu99;
				GCC_DYNAMIC_NO_PIC = NO;
				GCC_NO_COMMON_BLOCKS = YES;
				GCC_OPTIMIZATION_LEVEL = 0;
				GCC_PREPROCESSOR_DEFINITIONS = (
					"DEBUG=1",
					"$(inherited)",
				);
				GCC_WARN_64_TO_32_BIT_CONVERSION = YES;
				GCC_WARN_ABOUT_RETURN_TYPE = YES_ERROR;
				GCC_WARN_UNDECLARED_SELECTOR = YES;
				GCC_WARN_UNINITIALIZED_AUTOS = YES_AGGRESSIVE;
				GCC_WARN_UNUSED_FUNCTION = YES;
				GCC_WARN_UNUSED_VARIABLE = YES;
				IPHONEOS_DEPLOYMENT_TARGET = 9.0;
				MTL_ENABLE_DEBUG_INFO = YES;
				ONLY_ACTIVE_ARCH = YES;
				SDKROOT = iphoneos;
				SWIFT_OPTIMIZATION_LEVEL = "-Onone";
			};
			name = Debug;
		};
		30A638B71D9327FD00EA0A7F /* Release */ = {
			isa = XCBuildConfiguration;
			buildSettings = {
				ALWAYS_SEARCH_USER_PATHS = NO;
				CLANG_CXX_LANGUAGE_STANDARD = "gnu++0x";
				CLANG_CXX_LIBRARY = "libc++";
				CLANG_ENABLE_MODULES = YES;
				CLANG_ENABLE_OBJC_ARC = YES;
				CLANG_WARN_BOOL_CONVERSION = YES;
				CLANG_WARN_CONSTANT_CONVERSION = YES;
				CLANG_WARN_DIRECT_OBJC_ISA_USAGE = YES_ERROR;
				CLANG_WARN_EMPTY_BODY = YES;
				CLANG_WARN_ENUM_CONVERSION = YES;
				CLANG_WARN_INT_CONVERSION = YES;
				CLANG_WARN_OBJC_ROOT_CLASS = YES_ERROR;
				CLANG_WARN_UNREACHABLE_CODE = YES;
				CLANG_WARN__DUPLICATE_METHOD_MATCH = YES;
				"CODE_SIGN_IDENTITY[sdk=iphoneos*]" = "iPhone Developer";
				COPY_PHASE_STRIP = NO;
				DEBUG_INFORMATION_FORMAT = "dwarf-with-dsym";
				ENABLE_NS_ASSERTIONS = NO;
				ENABLE_STRICT_OBJC_MSGSEND = YES;
				GCC_C_LANGUAGE_STANDARD = gnu99;
				GCC_NO_COMMON_BLOCKS = YES;
				GCC_WARN_64_TO_32_BIT_CONVERSION = YES;
				GCC_WARN_ABOUT_RETURN_TYPE = YES_ERROR;
				GCC_WARN_UNDECLARED_SELECTOR = YES;
				GCC_WARN_UNINITIALIZED_AUTOS = YES_AGGRESSIVE;
				GCC_WARN_UNUSED_FUNCTION = YES;
				GCC_WARN_UNUSED_VARIABLE = YES;
				IPHONEOS_DEPLOYMENT_TARGET = 9.0;
				MTL_ENABLE_DEBUG_INFO = NO;
				SDKROOT = iphoneos;
				VALIDATE_PRODUCT = YES;
			};
			name = Release;
		};
		30A638B91D9327FD00EA0A7F /* Debug */ = {
			isa = XCBuildConfiguration;
			buildSettings = {
				ASSETCATALOG_COMPILER_APPICON_NAME = AppIcon;
				INFOPLIST_FILE = TipTop/Info.plist;
				LD_RUNPATH_SEARCH_PATHS = "$(inherited) @executable_path/Frameworks";
				PRODUCT_BUNDLE_IDENTIFIER = lmhmd.TipTop;
				PRODUCT_NAME = "$(TARGET_NAME)";
			};
			name = Debug;
		};
		30A638BA1D9327FD00EA0A7F /* Release */ = {
			isa = XCBuildConfiguration;
			buildSettings = {
				ASSETCATALOG_COMPILER_APPICON_NAME = AppIcon;
				INFOPLIST_FILE = TipTop/Info.plist;
				LD_RUNPATH_SEARCH_PATHS = "$(inherited) @executable_path/Frameworks";
				PRODUCT_BUNDLE_IDENTIFIER = lmhmd.TipTop;
				PRODUCT_NAME = "$(TARGET_NAME)";
			};
			name = Release;
		};
		30A638BC1D9327FD00EA0A7F /* Debug */ = {
			isa = XCBuildConfiguration;
			buildSettings = {
				BUNDLE_LOADER = "$(TEST_HOST)";
				INFOPLIST_FILE = TipTopTests/Info.plist;
				LD_RUNPATH_SEARCH_PATHS = "$(inherited) @executable_path/Frameworks @loader_path/Frameworks";
				PRODUCT_BUNDLE_IDENTIFIER = lmhmd.TipTopTests;
				PRODUCT_NAME = "$(TARGET_NAME)";
				TEST_HOST = "$(BUILT_PRODUCTS_DIR)/TipTop.app/TipTop";
			};
			name = Debug;
		};
		30A638BD1D9327FD00EA0A7F /* Release */ = {
			isa = XCBuildConfiguration;
			buildSettings = {
				BUNDLE_LOADER = "$(TEST_HOST)";
				INFOPLIST_FILE = TipTopTests/Info.plist;
				LD_RUNPATH_SEARCH_PATHS = "$(inherited) @executable_path/Frameworks @loader_path/Frameworks";
				PRODUCT_BUNDLE_IDENTIFIER = lmhmd.TipTopTests;
				PRODUCT_NAME = "$(TARGET_NAME)";
				TEST_HOST = "$(BUILT_PRODUCTS_DIR)/TipTop.app/TipTop";
			};
			name = Release;
		};
		30A638BF1D9327FD00EA0A7F /* Debug */ = {
			isa = XCBuildConfiguration;
			buildSettings = {
				INFOPLIST_FILE = TipTopUITests/Info.plist;
				LD_RUNPATH_SEARCH_PATHS = "$(inherited) @executable_path/Frameworks @loader_path/Frameworks";
				PRODUCT_BUNDLE_IDENTIFIER = lmhmd.TipTopUITests;
				PRODUCT_NAME = "$(TARGET_NAME)";
				TEST_TARGET_NAME = TipTop;
				USES_XCTRUNNER = YES;
			};
			name = Debug;
		};
		30A638C01D9327FD00EA0A7F /* Release */ = {
			isa = XCBuildConfiguration;
			buildSettings = {
				INFOPLIST_FILE = TipTopUITests/Info.plist;
				LD_RUNPATH_SEARCH_PATHS = "$(inherited) @executable_path/Frameworks @loader_path/Frameworks";
				PRODUCT_BUNDLE_IDENTIFIER = lmhmd.TipTopUITests;
				PRODUCT_NAME = "$(TARGET_NAME)";
				TEST_TARGET_NAME = TipTop;
				USES_XCTRUNNER = YES;
			};
			name = Release;
		};
/* End XCBuildConfiguration section */

/* Begin XCConfigurationList section */
		30A6388B1D9327FD00EA0A7F /* Build configuration list for PBXProject "TipTop" */ = {
			isa = XCConfigurationList;
			buildConfigurations = (
				30A638B61D9327FD00EA0A7F /* Debug */,
				30A638B71D9327FD00EA0A7F /* Release */,
			);
			defaultConfigurationIsVisible = 0;
			defaultConfigurationName = Release;
		};
		30A638B81D9327FD00EA0A7F /* Build configuration list for PBXNativeTarget "TipTop" */ = {
			isa = XCConfigurationList;
			buildConfigurations = (
				30A638B91D9327FD00EA0A7F /* Debug */,
				30A638BA1D9327FD00EA0A7F /* Release */,
			);
			defaultConfigurationIsVisible = 0;
			defaultConfigurationName = Release;
		};
		30A638BB1D9327FD00EA0A7F /* Build configuration list for PBXNativeTarget "TipTopTests" */ = {
			isa = XCConfigurationList;
			buildConfigurations = (
				30A638BC1D9327FD00EA0A7F /* Debug */,
				30A638BD1D9327FD00EA0A7F /* Release */,
			);
			defaultConfigurationIsVisible = 0;
			defaultConfigurationName = Release;
		};
		30A638BE1D9327FD00EA0A7F /* Build configuration list for PBXNativeTarget "TipTopUITests" */ = {
			isa = XCConfigurationList;
			buildConfigurations = (
				30A638BF1D9327FD00EA0A7F /* Debug */,
				30A638C01D9327FD00EA0A7F /* Release */,
			);
			defaultConfigurationIsVisible = 0;
			defaultConfigurationName = Release;
		};
/* End XCConfigurationList section */
	};
	rootObject = 30A638881D9327FD00EA0A7F /* Project object */;
}
